// !$*UTF8*$!
{
	archiveVersion = 1;
	classes = {
	};
	objectVersion = 56;
	objects = {

/* Begin PBXBuildFile section */
		02698B172B170F2E00D067C2 /* FirstViewController.swift in Sources */ = {isa = PBXBuildFile; fileRef = 02698B162B170F2E00D067C2 /* FirstViewController.swift */; };
		02698B192B170F5500D067C2 /* MainCollectionViewController.swift in Sources */ = {isa = PBXBuildFile; fileRef = 02698B182B170F5500D067C2 /* MainCollectionViewController.swift */; };
		02698B1B2B170F6B00D067C2 /* StaffTableViewController.swift in Sources */ = {isa = PBXBuildFile; fileRef = 02698B1A2B170F6B00D067C2 /* StaffTableViewController.swift */; };
		02698B1D2B170F7900D067C2 /* StudentsTableViewController.swift in Sources */ = {isa = PBXBuildFile; fileRef = 02698B1C2B170F7900D067C2 /* StudentsTableViewController.swift */; };
		02698B1F2B170F9700D067C2 /* SpellTableViewController.swift in Sources */ = {isa = PBXBuildFile; fileRef = 02698B1E2B170F9700D067C2 /* SpellTableViewController.swift */; };
		02698B212B171C8700D067C2 /* UserActionCell.swift in Sources */ = {isa = PBXBuildFile; fileRef = 02698B202B171C8700D067C2 /* UserActionCell.swift */; };
		02698B232B17327E00D067C2 /* StaffDetailViewController.swift in Sources */ = {isa = PBXBuildFile; fileRef = 02698B222B17327E00D067C2 /* StaffDetailViewController.swift */; };
		02698B252B1735BB00D067C2 /* PersonCell.swift in Sources */ = {isa = PBXBuildFile; fileRef = 02698B242B1735BB00D067C2 /* PersonCell.swift */; };
		029F9EBB2B16FE2F00425E3D /* AppDelegate.swift in Sources */ = {isa = PBXBuildFile; fileRef = 029F9EBA2B16FE2F00425E3D /* AppDelegate.swift */; };
		029F9EBD2B16FE2F00425E3D /* SceneDelegate.swift in Sources */ = {isa = PBXBuildFile; fileRef = 029F9EBC2B16FE2F00425E3D /* SceneDelegate.swift */; };
		029F9EC22B16FE2F00425E3D /* Main.storyboard in Resources */ = {isa = PBXBuildFile; fileRef = 029F9EC02B16FE2F00425E3D /* Main.storyboard */; };
		029F9EC42B16FE3100425E3D /* Assets.xcassets in Resources */ = {isa = PBXBuildFile; fileRef = 029F9EC32B16FE3100425E3D /* Assets.xcassets */; };
		029F9EC72B16FE3100425E3D /* LaunchScreen.storyboard in Resources */ = {isa = PBXBuildFile; fileRef = 029F9EC52B16FE3100425E3D /* LaunchScreen.storyboard */; };
/* End PBXBuildFile section */

/* Begin PBXFileReference section */
		02698B162B170F2E00D067C2 /* FirstViewController.swift */ = {isa = PBXFileReference; lastKnownFileType = sourcecode.swift; path = FirstViewController.swift; sourceTree = "<group>"; };
		02698B182B170F5500D067C2 /* MainCollectionViewController.swift */ = {isa = PBXFileReference; lastKnownFileType = sourcecode.swift; path = MainCollectionViewController.swift; sourceTree = "<group>"; };
		02698B1A2B170F6B00D067C2 /* StaffTableViewController.swift */ = {isa = PBXFileReference; lastKnownFileType = sourcecode.swift; path = StaffTableViewController.swift; sourceTree = "<group>"; };
		02698B1C2B170F7900D067C2 /* StudentsTableViewController.swift */ = {isa = PBXFileReference; lastKnownFileType = sourcecode.swift; path = StudentsTableViewController.swift; sourceTree = "<group>"; };
		02698B1E2B170F9700D067C2 /* SpellTableViewController.swift */ = {isa = PBXFileReference; lastKnownFileType = sourcecode.swift; path = SpellTableViewController.swift; sourceTree = "<group>"; };
		02698B202B171C8700D067C2 /* UserActionCell.swift */ = {isa = PBXFileReference; lastKnownFileType = sourcecode.swift; path = UserActionCell.swift; sourceTree = "<group>"; };
		02698B222B17327E00D067C2 /* StaffDetailViewController.swift */ = {isa = PBXFileReference; lastKnownFileType = sourcecode.swift; path = StaffDetailViewController.swift; sourceTree = "<group>"; };
		02698B242B1735BB00D067C2 /* PersonCell.swift */ = {isa = PBXFileReference; lastKnownFileType = sourcecode.swift; path = PersonCell.swift; sourceTree = "<group>"; };
		029F9EB72B16FE2F00425E3D /* WizardWorld.app */ = {isa = PBXFileReference; explicitFileType = wrapper.application; includeInIndex = 0; path = WizardWorld.app; sourceTree = BUILT_PRODUCTS_DIR; };
		029F9EBA2B16FE2F00425E3D /* AppDelegate.swift */ = {isa = PBXFileReference; lastKnownFileType = sourcecode.swift; path = AppDelegate.swift; sourceTree = "<group>"; };
		029F9EBC2B16FE2F00425E3D /* SceneDelegate.swift */ = {isa = PBXFileReference; lastKnownFileType = sourcecode.swift; path = SceneDelegate.swift; sourceTree = "<group>"; };
		029F9EC12B16FE2F00425E3D /* Base */ = {isa = PBXFileReference; lastKnownFileType = file.storyboard; name = Base; path = Base.lproj/Main.storyboard; sourceTree = "<group>"; };
		029F9EC32B16FE3100425E3D /* Assets.xcassets */ = {isa = PBXFileReference; lastKnownFileType = folder.assetcatalog; path = Assets.xcassets; sourceTree = "<group>"; };
		029F9EC62B16FE3100425E3D /* Base */ = {isa = PBXFileReference; lastKnownFileType = file.storyboard; name = Base; path = Base.lproj/LaunchScreen.storyboard; sourceTree = "<group>"; };
		029F9EC82B16FE3100425E3D /* Info.plist */ = {isa = PBXFileReference; lastKnownFileType = text.plist.xml; path = Info.plist; sourceTree = "<group>"; };
/* End PBXFileReference section */

/* Begin PBXFrameworksBuildPhase section */
		029F9EB42B16FE2F00425E3D /* Frameworks */ = {
			isa = PBXFrameworksBuildPhase;
			buildActionMask = 2147483647;
			files = (
			);
			runOnlyForDeploymentPostprocessing = 0;
		};
/* End PBXFrameworksBuildPhase section */

/* Begin PBXGroup section */
		029F9EAE2B16FE2F00425E3D = {
			isa = PBXGroup;
			children = (
				029F9EB92B16FE2F00425E3D /* WizardWorld */,
				029F9EB82B16FE2F00425E3D /* Products */,
			);
			sourceTree = "<group>";
		};
		029F9EB82B16FE2F00425E3D /* Products */ = {
			isa = PBXGroup;
			children = (
				029F9EB72B16FE2F00425E3D /* WizardWorld.app */,
			);
			name = Products;
			sourceTree = "<group>";
		};
		029F9EB92B16FE2F00425E3D /* WizardWorld */ = {
			isa = PBXGroup;
			children = (
				029F9ED12B16FF2800425E3D /* Model */,
				029F9ED02B16FF1600425E3D /* Controllers */,
				029F9ECE2B16FE6300425E3D /* Storyboards */,
				029F9ECF2B16FE7900425E3D /* Support files */,
			);
			path = WizardWorld;
			sourceTree = "<group>";
		};
		029F9ECE2B16FE6300425E3D /* Storyboards */ = {
			isa = PBXGroup;
			children = (
				029F9EC02B16FE2F00425E3D /* Main.storyboard */,
				029F9EC52B16FE3100425E3D /* LaunchScreen.storyboard */,
			);
			path = Storyboards;
			sourceTree = "<group>";
		};
		029F9ECF2B16FE7900425E3D /* Support files */ = {
			isa = PBXGroup;
			children = (
				029F9EBA2B16FE2F00425E3D /* AppDelegate.swift */,
				029F9EBC2B16FE2F00425E3D /* SceneDelegate.swift */,
				029F9EC32B16FE3100425E3D /* Assets.xcassets */,
				029F9EC82B16FE3100425E3D /* Info.plist */,
			);
			path = "Support files";
			sourceTree = "<group>";
		};
		029F9ED02B16FF1600425E3D /* Controllers */ = {
			isa = PBXGroup;
			children = (
				02698B162B170F2E00D067C2 /* FirstViewController.swift */,
				02698B182B170F5500D067C2 /* MainCollectionViewController.swift */,
				02698B1A2B170F6B00D067C2 /* StaffTableViewController.swift */,
				02698B1C2B170F7900D067C2 /* StudentsTableViewController.swift */,
				02698B1E2B170F9700D067C2 /* SpellTableViewController.swift */,
				02698B222B17327E00D067C2 /* StaffDetailViewController.swift */,
			);
			path = Controllers;
			sourceTree = "<group>";
		};
		029F9ED12B16FF2800425E3D /* Model */ = {
			isa = PBXGroup;
			children = (
				02698B202B171C8700D067C2 /* UserActionCell.swift */,
				02698B242B1735BB00D067C2 /* PersonCell.swift */,
			);
			path = Model;
			sourceTree = "<group>";
		};
/* End PBXGroup section */

/* Begin PBXNativeTarget section */
		029F9EB62B16FE2F00425E3D /* WizardWorld */ = {
			isa = PBXNativeTarget;
			buildConfigurationList = 029F9ECB2B16FE3100425E3D /* Build configuration list for PBXNativeTarget "WizardWorld" */;
			buildPhases = (
				029F9EB32B16FE2F00425E3D /* Sources */,
				029F9EB42B16FE2F00425E3D /* Frameworks */,
				029F9EB52B16FE2F00425E3D /* Resources */,
			);
			buildRules = (
			);
			dependencies = (
			);
			name = WizardWorld;
			productName = WizardWorld;
			productReference = 029F9EB72B16FE2F00425E3D /* WizardWorld.app */;
			productType = "com.apple.product-type.application";
		};
/* End PBXNativeTarget section */

/* Begin PBXProject section */
		029F9EAF2B16FE2F00425E3D /* Project object */ = {
			isa = PBXProject;
			attributes = {
				BuildIndependentTargetsInParallel = 1;
				LastSwiftUpdateCheck = 1500;
				LastUpgradeCheck = 1500;
				TargetAttributes = {
					029F9EB62B16FE2F00425E3D = {
						CreatedOnToolsVersion = 15.0.1;
					};
				};
			};
			buildConfigurationList = 029F9EB22B16FE2F00425E3D /* Build configuration list for PBXProject "WizardWorld" */;
			compatibilityVersion = "Xcode 14.0";
			developmentRegion = en;
			hasScannedForEncodings = 0;
			knownRegions = (
				en,
				Base,
			);
			mainGroup = 029F9EAE2B16FE2F00425E3D;
			productRefGroup = 029F9EB82B16FE2F00425E3D /* Products */;
			projectDirPath = "";
			projectRoot = "";
			targets = (
				029F9EB62B16FE2F00425E3D /* WizardWorld */,
			);
		};
/* End PBXProject section */

/* Begin PBXResourcesBuildPhase section */
		029F9EB52B16FE2F00425E3D /* Resources */ = {
			isa = PBXResourcesBuildPhase;
			buildActionMask = 2147483647;
			files = (
				029F9EC72B16FE3100425E3D /* LaunchScreen.storyboard in Resources */,
				029F9EC42B16FE3100425E3D /* Assets.xcassets in Resources */,
				029F9EC22B16FE2F00425E3D /* Main.storyboard in Resources */,
			);
			runOnlyForDeploymentPostprocessing = 0;
		};
/* End PBXResourcesBuildPhase section */

/* Begin PBXSourcesBuildPhase section */
		029F9EB32B16FE2F00425E3D /* Sources */ = {
			isa = PBXSourcesBuildPhase;
			buildActionMask = 2147483647;
			files = (
				02698B232B17327E00D067C2 /* StaffDetailViewController.swift in Sources */,
				02698B172B170F2E00D067C2 /* FirstViewController.swift in Sources */,
				02698B1B2B170F6B00D067C2 /* StaffTableViewController.swift in Sources */,
				02698B1F2B170F9700D067C2 /* SpellTableViewController.swift in Sources */,
				02698B192B170F5500D067C2 /* MainCollectionViewController.swift in Sources */,
				02698B212B171C8700D067C2 /* UserActionCell.swift in Sources */,
				02698B252B1735BB00D067C2 /* PersonCell.swift in Sources */,
				02698B1D2B170F7900D067C2 /* StudentsTableViewController.swift in Sources */,
				029F9EBB2B16FE2F00425E3D /* AppDelegate.swift in Sources */,
				029F9EBD2B16FE2F00425E3D /* SceneDelegate.swift in Sources */,
			);
			runOnlyForDeploymentPostprocessing = 0;
		};
/* End PBXSourcesBuildPhase section */

/* Begin PBXVariantGroup section */
		029F9EC02B16FE2F00425E3D /* Main.storyboard */ = {
			isa = PBXVariantGroup;
			children = (
				029F9EC12B16FE2F00425E3D /* Base */,
			);
			name = Main.storyboard;
			sourceTree = "<group>";
		};
		029F9EC52B16FE3100425E3D /* LaunchScreen.storyboard */ = {
			isa = PBXVariantGroup;
			children = (
				029F9EC62B16FE3100425E3D /* Base */,
			);
			name = LaunchScreen.storyboard;
			sourceTree = "<group>";
		};
/* End PBXVariantGroup section */

/* Begin XCBuildConfiguration section */
		029F9EC92B16FE3100425E3D /* Debug */ = {
			isa = XCBuildConfiguration;
			buildSettings = {
				ALWAYS_SEARCH_USER_PATHS = NO;
				ASSETCATALOG_COMPILER_GENERATE_SWIFT_ASSET_SYMBOL_EXTENSIONS = YES;
				CLANG_ANALYZER_NONNULL = YES;
				CLANG_ANALYZER_NUMBER_OBJECT_CONVERSION = YES_AGGRESSIVE;
				CLANG_CXX_LANGUAGE_STANDARD = "gnu++20";
				CLANG_ENABLE_MODULES = YES;
				CLANG_ENABLE_OBJC_ARC = YES;
				CLANG_ENABLE_OBJC_WEAK = YES;
				CLANG_WARN_BLOCK_CAPTURE_AUTORELEASING = YES;
				CLANG_WARN_BOOL_CONVERSION = YES;
				CLANG_WARN_COMMA = YES;
				CLANG_WARN_CONSTANT_CONVERSION = YES;
				CLANG_WARN_DEPRECATED_OBJC_IMPLEMENTATIONS = YES;
				CLANG_WARN_DIRECT_OBJC_ISA_USAGE = YES_ERROR;
				CLANG_WARN_DOCUMENTATION_COMMENTS = YES;
				CLANG_WARN_EMPTY_BODY = YES;
				CLANG_WARN_ENUM_CONVERSION = YES;
				CLANG_WARN_INFINITE_RECURSION = YES;
				CLANG_WARN_INT_CONVERSION = YES;
				CLANG_WARN_NON_LITERAL_NULL_CONVERSION = YES;
				CLANG_WARN_OBJC_IMPLICIT_RETAIN_SELF = YES;
				CLANG_WARN_OBJC_LITERAL_CONVERSION = YES;
				CLANG_WARN_OBJC_ROOT_CLASS = YES_ERROR;
				CLANG_WARN_QUOTED_INCLUDE_IN_FRAMEWORK_HEADER = YES;
				CLANG_WARN_RANGE_LOOP_ANALYSIS = YES;
				CLANG_WARN_STRICT_PROTOTYPES = YES;
				CLANG_WARN_SUSPICIOUS_MOVE = YES;
				CLANG_WARN_UNGUARDED_AVAILABILITY = YES_AGGRESSIVE;
				CLANG_WARN_UNREACHABLE_CODE = YES;
				CLANG_WARN__DUPLICATE_METHOD_MATCH = YES;
				COPY_PHASE_STRIP = NO;
				DEBUG_INFORMATION_FORMAT = dwarf;
				ENABLE_STRICT_OBJC_MSGSEND = YES;
				ENABLE_TESTABILITY = YES;
				ENABLE_USER_SCRIPT_SANDBOXING = YES;
				GCC_C_LANGUAGE_STANDARD = gnu17;
				GCC_DYNAMIC_NO_PIC = NO;
				GCC_NO_COMMON_BLOCKS = YES;
				GCC_OPTIMIZATION_LEVEL = 0;
				GCC_PREPROCESSOR_DEFINITIONS = (
					"DEBUG=1",
					"$(inherited)",
				);
				GCC_WARN_64_TO_32_BIT_CONVERSION = YES;
				GCC_WARN_ABOUT_RETURN_TYPE = YES_ERROR;
				GCC_WARN_UNDECLARED_SELECTOR = YES;
				GCC_WARN_UNINITIALIZED_AUTOS = YES_AGGRESSIVE;
				GCC_WARN_UNUSED_FUNCTION = YES;
				GCC_WARN_UNUSED_VARIABLE = YES;
				IPHONEOS_DEPLOYMENT_TARGET = 17.0;
				LOCALIZATION_PREFERS_STRING_CATALOGS = YES;
				MTL_ENABLE_DEBUG_INFO = INCLUDE_SOURCE;
				MTL_FAST_MATH = YES;
				ONLY_ACTIVE_ARCH = YES;
				SDKROOT = iphoneos;
				SWIFT_ACTIVE_COMPILATION_CONDITIONS = "DEBUG $(inherited)";
				SWIFT_OPTIMIZATION_LEVEL = "-Onone";
			};
			name = Debug;
		};
		029F9ECA2B16FE3100425E3D /* Release */ = {
			isa = XCBuildConfiguration;
			buildSettings = {
				ALWAYS_SEARCH_USER_PATHS = NO;
				ASSETCATALOG_COMPILER_GENERATE_SWIFT_ASSET_SYMBOL_EXTENSIONS = YES;
				CLANG_ANALYZER_NONNULL = YES;
				CLANG_ANALYZER_NUMBER_OBJECT_CONVERSION = YES_AGGRESSIVE;
				CLANG_CXX_LANGUAGE_STANDARD = "gnu++20";
				CLANG_ENABLE_MODULES = YES;
				CLANG_ENABLE_OBJC_ARC = YES;
				CLANG_ENABLE_OBJC_WEAK = YES;
				CLANG_WARN_BLOCK_CAPTURE_AUTORELEASING = YES;
				CLANG_WARN_BOOL_CONVERSION = YES;
				CLANG_WARN_COMMA = YES;
				CLANG_WARN_CONSTANT_CONVERSION = YES;
				CLANG_WARN_DEPRECATED_OBJC_IMPLEMENTATIONS = YES;
				CLANG_WARN_DIRECT_OBJC_ISA_USAGE = YES_ERROR;
				CLANG_WARN_DOCUMENTATION_COMMENTS = YES;
				CLANG_WARN_EMPTY_BODY = YES;
				CLANG_WARN_ENUM_CONVERSION = YES;
				CLANG_WARN_INFINITE_RECURSION = YES;
				CLANG_WARN_INT_CONVERSION = YES;
				CLANG_WARN_NON_LITERAL_NULL_CONVERSION = YES;
				CLANG_WARN_OBJC_IMPLICIT_RETAIN_SELF = YES;
				CLANG_WARN_OBJC_LITERAL_CONVERSION = YES;
				CLANG_WARN_OBJC_ROOT_CLASS = YES_ERROR;
				CLANG_WARN_QUOTED_INCLUDE_IN_FRAMEWORK_HEADER = YES;
				CLANG_WARN_RANGE_LOOP_ANALYSIS = YES;
				CLANG_WARN_STRICT_PROTOTYPES = YES;
				CLANG_WARN_SUSPICIOUS_MOVE = YES;
				CLANG_WARN_UNGUARDED_AVAILABILITY = YES_AGGRESSIVE;
				CLANG_WARN_UNREACHABLE_CODE = YES;
				CLANG_WARN__DUPLICATE_METHOD_MATCH = YES;
				COPY_PHASE_STRIP = NO;
				DEBUG_INFORMATION_FORMAT = "dwarf-with-dsym";
				ENABLE_NS_ASSERTIONS = NO;
				ENABLE_STRICT_OBJC_MSGSEND = YES;
				ENABLE_USER_SCRIPT_SANDBOXING = YES;
				GCC_C_LANGUAGE_STANDARD = gnu17;
				GCC_NO_COMMON_BLOCKS = YES;
				GCC_WARN_64_TO_32_BIT_CONVERSION = YES;
				GCC_WARN_ABOUT_RETURN_TYPE = YES_ERROR;
				GCC_WARN_UNDECLARED_SELECTOR = YES;
				GCC_WARN_UNINITIALIZED_AUTOS = YES_AGGRESSIVE;
				GCC_WARN_UNUSED_FUNCTION = YES;
				GCC_WARN_UNUSED_VARIABLE = YES;
				IPHONEOS_DEPLOYMENT_TARGET = 17.0;
				LOCALIZATION_PREFERS_STRING_CATALOGS = YES;
				MTL_ENABLE_DEBUG_INFO = NO;
				MTL_FAST_MATH = YES;
				SDKROOT = iphoneos;
				SWIFT_COMPILATION_MODE = wholemodule;
				VALIDATE_PRODUCT = YES;
			};
			name = Release;
		};
		029F9ECC2B16FE3100425E3D /* Debug */ = {
			isa = XCBuildConfiguration;
			buildSettings = {
				ASSETCATALOG_COMPILER_APPICON_NAME = AppIcon;
				ASSETCATALOG_COMPILER_GLOBAL_ACCENT_COLOR_NAME = AccentColor;
				CODE_SIGN_STYLE = Automatic;
				CURRENT_PROJECT_VERSION = 1;
				DEVELOPMENT_TEAM = 962T2B7968;
				GENERATE_INFOPLIST_FILE = YES;
				INFOPLIST_FILE = "WizardWorld/Support files/Info.plist";
				INFOPLIST_KEY_UIApplicationSupportsIndirectInputEvents = YES;
				INFOPLIST_KEY_UILaunchStoryboardName = LaunchScreen;
				INFOPLIST_KEY_UIMainStoryboardFile = Main;
				INFOPLIST_KEY_UISupportedInterfaceOrientations_iPad = "UIInterfaceOrientationPortrait UIInterfaceOrientationPortraitUpsideDown UIInterfaceOrientationLandscapeLeft UIInterfaceOrientationLandscapeRight";
				INFOPLIST_KEY_UISupportedInterfaceOrientations_iPhone = "UIInterfaceOrientationPortrait UIInterfaceOrientationLandscapeLeft UIInterfaceOrientationLandscapeRight";
				LD_RUNPATH_SEARCH_PATHS = (
					"$(inherited)",
					"@executable_path/Frameworks",
				);
				MARKETING_VERSION = 1.0;
				PRODUCT_BUNDLE_IDENTIFIER = com.dibureau.WizardWorld;
				PRODUCT_NAME = "$(TARGET_NAME)";
				SWIFT_EMIT_LOC_STRINGS = YES;
				SWIFT_VERSION = 5.0;
				TARGETED_DEVICE_FAMILY = "1,2";
			};
			name = Debug;
		};
		029F9ECD2B16FE3100425E3D /* Release */ = {
			isa = XCBuildConfiguration;
			buildSettings = {
				ASSETCATALOG_COMPILER_APPICON_NAME = AppIcon;
				ASSETCATALOG_COMPILER_GLOBAL_ACCENT_COLOR_NAME = AccentColor;
				CODE_SIGN_STYLE = Automatic;
				CURRENT_PROJECT_VERSION = 1;
				DEVELOPMENT_TEAM = 962T2B7968;
				GENERATE_INFOPLIST_FILE = YES;
				INFOPLIST_FILE = "WizardWorld/Support files/Info.plist";
				INFOPLIST_KEY_UIApplicationSupportsIndirectInputEvents = YES;
				INFOPLIST_KEY_UILaunchStoryboardName = LaunchScreen;
				INFOPLIST_KEY_UIMainStoryboardFile = Main;
				INFOPLIST_KEY_UISupportedInterfaceOrientations_iPad = "UIInterfaceOrientationPortrait UIInterfaceOrientationPortraitUpsideDown UIInterfaceOrientationLandscapeLeft UIInterfaceOrientationLandscapeRight";
				INFOPLIST_KEY_UISupportedInterfaceOrientations_iPhone = "UIInterfaceOrientationPortrait UIInterfaceOrientationLandscapeLeft UIInterfaceOrientationLandscapeRight";
				LD_RUNPATH_SEARCH_PATHS = (
					"$(inherited)",
					"@executable_path/Frameworks",
				);
				MARKETING_VERSION = 1.0;
				PRODUCT_BUNDLE_IDENTIFIER = com.dibureau.WizardWorld;
				PRODUCT_NAME = "$(TARGET_NAME)";
				SWIFT_EMIT_LOC_STRINGS = YES;
				SWIFT_VERSION = 5.0;
				TARGETED_DEVICE_FAMILY = "1,2";
			};
			name = Release;
		};
/* End XCBuildConfiguration section */

/* Begin XCConfigurationList section */
		029F9EB22B16FE2F00425E3D /* Build configuration list for PBXProject "WizardWorld" */ = {
			isa = XCConfigurationList;
			buildConfigurations = (
				029F9EC92B16FE3100425E3D /* Debug */,
				029F9ECA2B16FE3100425E3D /* Release */,
			);
			defaultConfigurationIsVisible = 0;
			defaultConfigurationName = Release;
		};
		029F9ECB2B16FE3100425E3D /* Build configuration list for PBXNativeTarget "WizardWorld" */ = {
			isa = XCConfigurationList;
			buildConfigurations = (
				029F9ECC2B16FE3100425E3D /* Debug */,
				029F9ECD2B16FE3100425E3D /* Release */,
			);
			defaultConfigurationIsVisible = 0;
			defaultConfigurationName = Release;
		};
/* End XCConfigurationList section */
	};
	rootObject = 029F9EAF2B16FE2F00425E3D /* Project object */;
}
